
Microsoft Visual Studio Solution File, Format Version 12.00
# Visual Studio Version 16
VisualStudioVersion = 16.0.32002.261
MinimumVisualStudioVersion = 10.0.40219.1
Project("{FAE04EC0-301F-11D3-BF4B-00C04F79EFBC}") = "Задача 9.1", "9 Laba\Задача 9.1.csproj", "{238AA857-61E6-439C-8A1C-F2EAFAA249E1}"
EndProject
Project("{FAE04EC0-301F-11D3-BF4B-00C04F79EFBC}") = "Примеры", "Примеры\Примеры.csproj", "{930CCF25-1F64-42CF-9673-E77A3823A033}"
EndProject
Project("{FAE04EC0-301F-11D3-BF4B-00C04F79EFBC}") = "вариант2", "вариант2\вариант2.csproj", "{77AFE65B-E30D-4F2B-B310-1C17C8D94DE9}"
EndProject
Global
	GlobalSection(SolutionConfigurationPlatforms) = preSolution
		Debug|Any CPU = Debug|Any CPU
		Release|Any CPU = Release|Any CPU
	EndGlobalSection
	GlobalSection(ProjectConfigurationPlatforms) = postSolution
		{238AA857-61E6-439C-8A1C-F2EAFAA249E1}.Debug|Any CPU.ActiveCfg = Debug|Any CPU
		{238AA857-61E6-439C-8A1C-F2EAFAA249E1}.Debug|Any CPU.Build.0 = Debug|Any CPU
		{238AA857-61E6-439C-8A1C-F2EAFAA249E1}.Release|Any CPU.ActiveCfg = Release|Any CPU
		{238AA857-61E6-439C-8A1C-F2EAFAA249E1}.Release|Any CPU.Build.0 = Release|Any CPU
		{930CCF25-1F64-42CF-9673-E77A3823A033}.Debug|Any CPU.ActiveCfg = Debug|Any CPU
		{930CCF25-1F64-42CF-9673-E77A3823A033}.Debug|Any CPU.Build.0 = Debug|Any CPU
		{930CCF25-1F64-42CF-9673-E77A3823A033}.Release|Any CPU.ActiveCfg = Release|Any CPU
		{930CCF25-1F64-42CF-9673-E77A3823A033}.Release|Any CPU.Build.0 = Release|Any CPU
		{77AFE65B-E30D-4F2B-B310-1C17C8D94DE9}.Debug|Any CPU.ActiveCfg = Debug|Any CPU
		{77AFE65B-E30D-4F2B-B310-1C17C8D94DE9}.Debug|Any CPU.Build.0 = Debug|Any CPU
		{77AFE65B-E30D-4F2B-B310-1C17C8D94DE9}.Release|Any CPU.ActiveCfg = Release|Any CPU
		{77AFE65B-E30D-4F2B-B310-1C17C8D94DE9}.Release|Any CPU.Build.0 = Release|Any CPU
	EndGlobalSection
	GlobalSection(SolutionProperties) = preSolution
		HideSolutionNode = FALSE
	EndGlobalSection
	GlobalSection(ExtensibilityGlobals) = postSolution
		SolutionGuid = {EEE87BE6-7B24-4A3E-9859-FACDCBA29D49}
	EndGlobalSection
EndGlobal
